Microsoft Visual Studio Solution File, Format Version 7.00
Project("{FAE04EC0-301F-11D3-BF4B-00C04F79EFBC}") = "ani2amx", "ani2amx.csproj", "{9BA0F30F-802F-4E9F-914C-FCCBBB787699}"
EndProject
Global
	GlobalSection(SolutionConfiguration) = preSolution
		ConfigName.0 = Debug
		ConfigName.1 = Release
	EndGlobalSection
	GlobalSection(ProjectDependencies) = postSolution
	EndGlobalSection
	GlobalSection(ProjectConfiguration) = postSolution
		{9BA0F30F-802F-4E9F-914C-FCCBBB787699}.Debug.ActiveCfg = Debug|.NET
		{9BA0F30F-802F-4E9F-914C-FCCBBB787699}.Debug.Build.0 = Debug|.NET
		{9BA0F30F-802F-4E9F-914C-FCCBBB787699}.Release.ActiveCfg = Release|.NET
		{9BA0F30F-802F-4E9F-914C-FCCBBB787699}.Release.Build.0 = Release|.NET
	EndGlobalSection
	GlobalSection(ExtensibilityGlobals) = postSolution
	EndGlobalSection
	GlobalSection(ExtensibilityAddIns) = postSolution
	EndGlobalSection
EndGlobal
