
Microsoft Visual Studio Solution File, Format Version 9.00
# Visual Studio 2005
Project("{FAE04EC0-301F-11D3-BF4B-00C04F79EFBC}") = "PalTool", "PalTool.csproj", "{319BCFB0-BDA6-4402-86E3-B16AA464BD1F}"
EndProject
Global
	GlobalSection(SolutionConfigurationPlatforms) = preSolution
		Debug|Any CPU = Debug|Any CPU
		Release|Any CPU = Release|Any CPU
	EndGlobalSection
	GlobalSection(ProjectConfigurationPlatforms) = postSolution
		{319BCFB0-BDA6-4402-86E3-B16AA464BD1F}.Debug|Any CPU.ActiveCfg = Debug|Any CPU
		{319BCFB0-BDA6-4402-86E3-B16AA464BD1F}.Debug|Any CPU.Build.0 = Debug|Any CPU
		{319BCFB0-BDA6-4402-86E3-B16AA464BD1F}.Release|Any CPU.ActiveCfg = Release|Any CPU
		{319BCFB0-BDA6-4402-86E3-B16AA464BD1F}.Release|Any CPU.Build.0 = Release|Any CPU
	EndGlobalSection
	GlobalSection(MonoDevelopProperties) = preSolution
		StartupItem = PalTool.csproj
	EndGlobalSection
EndGlobal
