Microsoft Visual Studio Solution File, Format Version 7.00
Project("{FAE04EC0-301F-11D3-BF4B-00C04F79EFBC}") = "amx", "amx.csproj", "{8A01587F-4FC8-4F11-AA53-B05E3FB792CC}"
EndProject
Global
	GlobalSection(SolutionConfiguration) = preSolution
		ConfigName.0 = Debug
		ConfigName.1 = Release
	EndGlobalSection
	GlobalSection(ProjectDependencies) = postSolution
	EndGlobalSection
	GlobalSection(ProjectConfiguration) = postSolution
		{8A01587F-4FC8-4F11-AA53-B05E3FB792CC}.Debug.ActiveCfg = Debug|.NET
		{8A01587F-4FC8-4F11-AA53-B05E3FB792CC}.Debug.Build.0 = Debug|.NET
		{8A01587F-4FC8-4F11-AA53-B05E3FB792CC}.Release.ActiveCfg = Release|.NET
		{8A01587F-4FC8-4F11-AA53-B05E3FB792CC}.Release.Build.0 = Release|.NET
	EndGlobalSection
	GlobalSection(ExtensibilityGlobals) = postSolution
	EndGlobalSection
	GlobalSection(ExtensibilityAddIns) = postSolution
	EndGlobalSection
EndGlobal
