Microsoft Visual Studio Solution File, Format Version 8.00
Project("{FAE04EC0-301F-11D3-BF4B-00C04F79EFBC}") = "shadowmap", "shadowmap.csproj", "{7354AEC7-43D5-4BCB-9FBD-989D82947B85}"
	ProjectSection(ProjectDependencies) = postProject
	EndProjectSection
EndProject
Global
	GlobalSection(SolutionConfiguration) = preSolution
		Debug = Debug
		Release = Release
	EndGlobalSection
	GlobalSection(ProjectConfiguration) = postSolution
		{7354AEC7-43D5-4BCB-9FBD-989D82947B85}.Debug.ActiveCfg = Debug|.NET
		{7354AEC7-43D5-4BCB-9FBD-989D82947B85}.Debug.Build.0 = Debug|.NET
		{7354AEC7-43D5-4BCB-9FBD-989D82947B85}.Release.ActiveCfg = Release|.NET
		{7354AEC7-43D5-4BCB-9FBD-989D82947B85}.Release.Build.0 = Release|.NET
	EndGlobalSection
	GlobalSection(ExtensibilityGlobals) = postSolution
	EndGlobalSection
	GlobalSection(ExtensibilityAddIns) = postSolution
	EndGlobalSection
EndGlobal
